
Microsoft Visual Studio Solution File, Format Version 12.00
# Visual Studio Version 16
VisualStudioVersion = 16.0.31624.102
MinimumVisualStudioVersion = 10.0.40219.1
Project("{47297598-42B0-4FD5-A0A9-D8F01400AAB9}") = "SinfulEXP", "SinfulEXP.vcxproj", "{646DB473-5FAC-4635-84A2-A6B19F150C8B}"
EndProject
Global
	GlobalSection(SolutionConfigurationPlatforms) = preSolution
		Debug|x64 = Debug|x64
		Debug|x86 = Debug|x86
		Release|x64 = Release|x64
		Release|x86 = Release|x86
	EndGlobalSection
	GlobalSection(ProjectConfigurationPlatforms) = postSolution
		{646DB473-5FAC-4635-84A2-A6B19F150C8B}.Debug|x64.ActiveCfg = Debug|x64
		{646DB473-5FAC-4635-84A2-A6B19F150C8B}.Debug|x64.Build.0 = Debug|x64
		{646DB473-5FAC-4635-84A2-A6B19F150C8B}.Debug|x86.ActiveCfg = Debug|Win32
		{646DB473-5FAC-4635-84A2-A6B19F150C8B}.Debug|x86.Build.0 = Debug|Win32
		{646DB473-5FAC-4635-84A2-A6B19F150C8B}.Release|x64.ActiveCfg = Release|x64
		{646DB473-5FAC-4635-84A2-A6B19F150C8B}.Release|x64.Build.0 = Release|x64
		{646DB473-5FAC-4635-84A2-A6B19F150C8B}.Release|x86.ActiveCfg = Release|Win32
		{646DB473-5FAC-4635-84A2-A6B19F150C8B}.Release|x86.Build.0 = Release|Win32
	EndGlobalSection
	GlobalSection(SolutionProperties) = preSolution
		HideSolutionNode = FALSE
	EndGlobalSection
	GlobalSection(ExtensibilityGlobals) = postSolution
		SolutionGuid = {5E20956A-9616-44AD-9D54-9F20FB04BBE1}
	EndGlobalSection
EndGlobal
